Microsoft Visual Studio Solution File, Format Version 12.00
# Visual Studio 2013
VisualStudioVersion = 12.0.31101.0
MinimumVisualStudioVersion = 10.0.40219.1
Project("{2150E333-8FDC-42A3-9474-1A3956D46DE8}") = ".paket", ".paket", "{63297B98-5CED-492C-A5B7-A5B4F73CF142}"
	ProjectSection(SolutionItems) = preProject
		paket.dependencies = paket.dependencies
	EndProjectSection
EndProject
Project("{F2A71F9B-5D33-465A-A702-920D77279786}") = "Repro", "src\Repro.fsproj", "{4508FA47-7454-44AF-9397-396F31ABA72E}"
EndProject
Project("{F2A71F9B-5D33-465A-A702-920D77279786}") = "Repro.Tests", "tests\Repro.Tests.fsproj", "{9B5AB8F0-0519-417E-8ACB-AD46F3CA5820}"
EndProject
Global
	GlobalSection(SolutionConfigurationPlatforms) = preSolution
		Debug|Any CPU = Debug|Any CPU
		Release|Any CPU = Release|Any CPU
	EndGlobalSection
	GlobalSection(ProjectConfigurationPlatforms) = postSolution
		{9B5AB8F0-0519-417E-8ACB-AD46F3CA5820}.Debug|Any CPU.ActiveCfg = Debug|Any CPU
		{9B5AB8F0-0519-417E-8ACB-AD46F3CA5820}.Debug|Any CPU.Build.0 = Debug|Any CPU
		{9B5AB8F0-0519-417E-8ACB-AD46F3CA5820}.Release|Any CPU.ActiveCfg = Release|Any CPU
		{9B5AB8F0-0519-417E-8ACB-AD46F3CA5820}.Release|Any CPU.Build.0 = Release|Any CPU
		{4508FA47-7454-44AF-9397-396F31ABA72E}.Debug|Any CPU.ActiveCfg = Debug|Any CPU
		{4508FA47-7454-44AF-9397-396F31ABA72E}.Debug|Any CPU.Build.0 = Debug|Any CPU
		{4508FA47-7454-44AF-9397-396F31ABA72E}.Release|Any CPU.ActiveCfg = Release|Any CPU
		{4508FA47-7454-44AF-9397-396F31ABA72E}.Release|Any CPU.Build.0 = Release|Any CPU
	EndGlobalSection
	GlobalSection(SolutionProperties) = preSolution
		HideSolutionNode = FALSE
	EndGlobalSection
EndGlobal
